
Microsoft Visual Studio Solution File, Format Version 12.00
# Visual Studio Version 17
VisualStudioVersion = 17.4.33213.308
MinimumVisualStudioVersion = 10.0.40219.1
Project("{FAE04EC0-301F-11D3-BF4B-00C04F79EFBC}") = "OOP", "OOP\OOP.csproj", "{EA7A6BCF-E741-476C-A28C-11670E332B25}"
EndProject
Global
	GlobalSection(SolutionConfigurationPlatforms) = preSolution
		Debug|Any CPU = Debug|Any CPU
		Release|Any CPU = Release|Any CPU
	EndGlobalSection
	GlobalSection(ProjectConfigurationPlatforms) = postSolution
		{EA7A6BCF-E741-476C-A28C-11670E332B25}.Debug|Any CPU.ActiveCfg = Debug|Any CPU
		{EA7A6BCF-E741-476C-A28C-11670E332B25}.Debug|Any CPU.Build.0 = Debug|Any CPU
		{EA7A6BCF-E741-476C-A28C-11670E332B25}.Release|Any CPU.ActiveCfg = Release|Any CPU
		{EA7A6BCF-E741-476C-A28C-11670E332B25}.Release|Any CPU.Build.0 = Release|Any CPU
	EndGlobalSection
	GlobalSection(SolutionProperties) = preSolution
		HideSolutionNode = FALSE
	EndGlobalSection
	GlobalSection(ExtensibilityGlobals) = postSolution
		SolutionGuid = {5BB2D985-8237-4479-BEEA-59C925604A0C}
	EndGlobalSection
EndGlobal
